
Microsoft Visual Studio Solution File, Format Version 12.00
# Visual Studio Version 17
VisualStudioVersion = 17.5.33530.505
MinimumVisualStudioVersion = 10.0.40219.1
Project("{FAE04EC0-301F-11D3-BF4B-00C04F79EFBC}") = "MovieTicketBookingApp", "MovieTicketBookingApp.csproj", "{7608CA06-B7C9-432A-BBF7-9C399F3920BB}"
EndProject
Global
	GlobalSection(SolutionConfigurationPlatforms) = preSolution
		Debug|Any CPU = Debug|Any CPU
		Release|Any CPU = Release|Any CPU
	EndGlobalSection
	GlobalSection(ProjectConfigurationPlatforms) = postSolution
		{7608CA06-B7C9-432A-BBF7-9C399F3920BB}.Debug|Any CPU.ActiveCfg = Debug|Any CPU
		{7608CA06-B7C9-432A-BBF7-9C399F3920BB}.Debug|Any CPU.Build.0 = Debug|Any CPU
		{7608CA06-B7C9-432A-BBF7-9C399F3920BB}.Release|Any CPU.ActiveCfg = Release|Any CPU
		{7608CA06-B7C9-432A-BBF7-9C399F3920BB}.Release|Any CPU.Build.0 = Release|Any CPU
	EndGlobalSection
	GlobalSection(SolutionProperties) = preSolution
		HideSolutionNode = FALSE
	EndGlobalSection
	GlobalSection(ExtensibilityGlobals) = postSolution
		SolutionGuid = {817EB9A1-3E33-41DE-A44F-A15688B473DD}
	EndGlobalSection
EndGlobal
